
Microsoft Visual Studio Solution File, Format Version 12.00
# Visual Studio 15
VisualStudioVersion = 15.0.28010.2036
MinimumVisualStudioVersion = 10.0.40219.1
Project("{FAE04EC0-301F-11D3-BF4B-00C04F79EFBC}") = "Raketenstart", "Raketenstart\Raketenstart.csproj", "{6F662259-5615-4F7E-8C4C-598E17AC7812}"
EndProject
Global
	GlobalSection(SolutionConfigurationPlatforms) = preSolution
		Debug|Any CPU = Debug|Any CPU
		Release|Any CPU = Release|Any CPU
	EndGlobalSection
	GlobalSection(ProjectConfigurationPlatforms) = postSolution
		{6F662259-5615-4F7E-8C4C-598E17AC7812}.Debug|Any CPU.ActiveCfg = Debug|Any CPU
		{6F662259-5615-4F7E-8C4C-598E17AC7812}.Debug|Any CPU.Build.0 = Debug|Any CPU
		{6F662259-5615-4F7E-8C4C-598E17AC7812}.Release|Any CPU.ActiveCfg = Release|Any CPU
		{6F662259-5615-4F7E-8C4C-598E17AC7812}.Release|Any CPU.Build.0 = Release|Any CPU
	EndGlobalSection
	GlobalSection(SolutionProperties) = preSolution
		HideSolutionNode = FALSE
	EndGlobalSection
	GlobalSection(ExtensibilityGlobals) = postSolution
		SolutionGuid = {C43E9021-A925-489D-AF96-B17AC19091AA}
	EndGlobalSection
EndGlobal
